
Microsoft Visual Studio Solution File, Format Version 12.00
# Visual Studio Version 16
VisualStudioVersion = 16.0.29123.88
MinimumVisualStudioVersion = 10.0.40219.1
Project("{FAE04EC0-301F-11D3-BF4B-00C04F79EFBC}") = "CryptoBook Desktop App", "CryptoAPIApp\CryptoBook Desktop App.csproj", "{5F9AEE7E-983A-4353-AB74-635C77F1E07D}"
EndProject
Global
	GlobalSection(SolutionConfigurationPlatforms) = preSolution
		Debug|Any CPU = Debug|Any CPU
		Release|Any CPU = Release|Any CPU
	EndGlobalSection
	GlobalSection(ProjectConfigurationPlatforms) = postSolution
		{5F9AEE7E-983A-4353-AB74-635C77F1E07D}.Debug|Any CPU.ActiveCfg = Debug|Any CPU
		{5F9AEE7E-983A-4353-AB74-635C77F1E07D}.Debug|Any CPU.Build.0 = Debug|Any CPU
		{5F9AEE7E-983A-4353-AB74-635C77F1E07D}.Release|Any CPU.ActiveCfg = Release|Any CPU
		{5F9AEE7E-983A-4353-AB74-635C77F1E07D}.Release|Any CPU.Build.0 = Release|Any CPU
	EndGlobalSection
	GlobalSection(SolutionProperties) = preSolution
		HideSolutionNode = FALSE
	EndGlobalSection
	GlobalSection(ExtensibilityGlobals) = postSolution
		SolutionGuid = {9FE837E8-A835-4C42-B3E9-8E4AE5B65402}
	EndGlobalSection
EndGlobal
